// !$*UTF8*$!
{
	archiveVersion = 1;
	classes = {
	};
	objectVersion = 56;
	objects = {

/* Begin PBXBuildFile section */
		12B842372B32690000E6722E /* OnboardingViewController.swift in Sources */ = {isa = PBXBuildFile; fileRef = 12B842362B32690000E6722E /* OnboardingViewController.swift */; };
		12BAEF662B2261300078F528 /* AppDelegate.swift in Sources */ = {isa = PBXBuildFile; fileRef = 12BAEF652B2261300078F528 /* AppDelegate.swift */; };
		12BAEF6A2B2261300078F528 /* LoginViewController.swift in Sources */ = {isa = PBXBuildFile; fileRef = 12BAEF692B2261300078F528 /* LoginViewController.swift */; };
		12BAEF6F2B2261300078F528 /* Assets.xcassets in Resources */ = {isa = PBXBuildFile; fileRef = 12BAEF6E2B2261300078F528 /* Assets.xcassets */; };
		12BAEF722B2261300078F528 /* LaunchScreen.storyboard in Resources */ = {isa = PBXBuildFile; fileRef = 12BAEF702B2261300078F528 /* LaunchScreen.storyboard */; };
		12BAEF7D2B2261310078F528 /* BankeyTests.swift in Sources */ = {isa = PBXBuildFile; fileRef = 12BAEF7C2B2261310078F528 /* BankeyTests.swift */; };
		12BAEF872B2261310078F528 /* BankeyUITests.swift in Sources */ = {isa = PBXBuildFile; fileRef = 12BAEF862B2261310078F528 /* BankeyUITests.swift */; };
		12BAEF892B2261310078F528 /* BankeyUITestsLaunchTests.swift in Sources */ = {isa = PBXBuildFile; fileRef = 12BAEF882B2261310078F528 /* BankeyUITestsLaunchTests.swift */; };
		12C333792B239BBC00444FF3 /* LogInView.swift in Sources */ = {isa = PBXBuildFile; fileRef = 12C333782B239BBC00444FF3 /* LogInView.swift */; };
/* End PBXBuildFile section */

/* Begin PBXContainerItemProxy section */
		12BAEF792B2261310078F528 /* PBXContainerItemProxy */ = {
			isa = PBXContainerItemProxy;
			containerPortal = 12BAEF5A2B2261300078F528 /* Project object */;
			proxyType = 1;
			remoteGlobalIDString = 12BAEF612B2261300078F528;
			remoteInfo = Bankey;
		};
		12BAEF832B2261310078F528 /* PBXContainerItemProxy */ = {
			isa = PBXContainerItemProxy;
			containerPortal = 12BAEF5A2B2261300078F528 /* Project object */;
			proxyType = 1;
			remoteGlobalIDString = 12BAEF612B2261300078F528;
			remoteInfo = Bankey;
		};
/* End PBXContainerItemProxy section */

/* Begin PBXFileReference section */
		12B842362B32690000E6722E /* OnboardingViewController.swift */ = {isa = PBXFileReference; lastKnownFileType = sourcecode.swift; path = OnboardingViewController.swift; sourceTree = "<group>"; };
		12BAEF622B2261300078F528 /* Bankey.app */ = {isa = PBXFileReference; explicitFileType = wrapper.application; includeInIndex = 0; path = Bankey.app; sourceTree = BUILT_PRODUCTS_DIR; };
		12BAEF652B2261300078F528 /* AppDelegate.swift */ = {isa = PBXFileReference; lastKnownFileType = sourcecode.swift; path = AppDelegate.swift; sourceTree = "<group>"; };
		12BAEF692B2261300078F528 /* LoginViewController.swift */ = {isa = PBXFileReference; lastKnownFileType = sourcecode.swift; path = LoginViewController.swift; sourceTree = "<group>"; };
		12BAEF6E2B2261300078F528 /* Assets.xcassets */ = {isa = PBXFileReference; lastKnownFileType = folder.assetcatalog; path = Assets.xcassets; sourceTree = "<group>"; };
		12BAEF712B2261300078F528 /* Base */ = {isa = PBXFileReference; lastKnownFileType = file.storyboard; name = Base; path = Base.lproj/LaunchScreen.storyboard; sourceTree = "<group>"; };
		12BAEF732B2261300078F528 /* Info.plist */ = {isa = PBXFileReference; lastKnownFileType = text.plist.xml; path = Info.plist; sourceTree = "<group>"; };
		12BAEF782B2261310078F528 /* BankeyTests.xctest */ = {isa = PBXFileReference; explicitFileType = wrapper.cfbundle; includeInIndex = 0; path = BankeyTests.xctest; sourceTree = BUILT_PRODUCTS_DIR; };
		12BAEF7C2B2261310078F528 /* BankeyTests.swift */ = {isa = PBXFileReference; lastKnownFileType = sourcecode.swift; path = BankeyTests.swift; sourceTree = "<group>"; };
		12BAEF822B2261310078F528 /* BankeyUITests.xctest */ = {isa = PBXFileReference; explicitFileType = wrapper.cfbundle; includeInIndex = 0; path = BankeyUITests.xctest; sourceTree = BUILT_PRODUCTS_DIR; };
		12BAEF862B2261310078F528 /* BankeyUITests.swift */ = {isa = PBXFileReference; lastKnownFileType = sourcecode.swift; path = BankeyUITests.swift; sourceTree = "<group>"; };
		12BAEF882B2261310078F528 /* BankeyUITestsLaunchTests.swift */ = {isa = PBXFileReference; lastKnownFileType = sourcecode.swift; path = BankeyUITestsLaunchTests.swift; sourceTree = "<group>"; };
		12C333782B239BBC00444FF3 /* LogInView.swift */ = {isa = PBXFileReference; lastKnownFileType = sourcecode.swift; path = LogInView.swift; sourceTree = "<group>"; };
/* End PBXFileReference section */

/* Begin PBXFrameworksBuildPhase section */
		12BAEF5F2B2261300078F528 /* Frameworks */ = {
			isa = PBXFrameworksBuildPhase;
			buildActionMask = 2147483647;
			files = (
			);
			runOnlyForDeploymentPostprocessing = 0;
		};
		12BAEF752B2261310078F528 /* Frameworks */ = {
			isa = PBXFrameworksBuildPhase;
			buildActionMask = 2147483647;
			files = (
			);
			runOnlyForDeploymentPostprocessing = 0;
		};
		12BAEF7F2B2261310078F528 /* Frameworks */ = {
			isa = PBXFrameworksBuildPhase;
			buildActionMask = 2147483647;
			files = (
			);
			runOnlyForDeploymentPostprocessing = 0;
		};
/* End PBXFrameworksBuildPhase section */

/* Begin PBXGroup section */
		12B842352B32689C00E6722E /* onboarding */ = {
			isa = PBXGroup;
			children = (
				12B842362B32690000E6722E /* OnboardingViewController.swift */,
			);
			path = onboarding;
			sourceTree = "<group>";
		};
		12BAEF592B2261300078F528 = {
			isa = PBXGroup;
			children = (
				12BAEF642B2261300078F528 /* Bankey */,
				12BAEF7B2B2261310078F528 /* BankeyTests */,
				12BAEF852B2261310078F528 /* BankeyUITests */,
				12BAEF632B2261300078F528 /* Products */,
			);
			sourceTree = "<group>";
		};
		12BAEF632B2261300078F528 /* Products */ = {
			isa = PBXGroup;
			children = (
				12BAEF622B2261300078F528 /* Bankey.app */,
				12BAEF782B2261310078F528 /* BankeyTests.xctest */,
				12BAEF822B2261310078F528 /* BankeyUITests.xctest */,
			);
			name = Products;
			sourceTree = "<group>";
		};
		12BAEF642B2261300078F528 /* Bankey */ = {
			isa = PBXGroup;
			children = (
				12B842352B32689C00E6722E /* onboarding */,
				12C333762B238B3B00444FF3 /* Files */,
				12C333772B238C0600444FF3 /* LogIn */,
				12BAEF652B2261300078F528 /* AppDelegate.swift */,
			);
			path = Bankey;
			sourceTree = "<group>";
		};
		12BAEF7B2B2261310078F528 /* BankeyTests */ = {
			isa = PBXGroup;
			children = (
				12BAEF7C2B2261310078F528 /* BankeyTests.swift */,
			);
			path = BankeyTests;
			sourceTree = "<group>";
		};
		12BAEF852B2261310078F528 /* BankeyUITests */ = {
			isa = PBXGroup;
			children = (
				12BAEF862B2261310078F528 /* BankeyUITests.swift */,
				12BAEF882B2261310078F528 /* BankeyUITestsLaunchTests.swift */,
			);
			path = BankeyUITests;
			sourceTree = "<group>";
		};
		12C333762B238B3B00444FF3 /* Files */ = {
			isa = PBXGroup;
			children = (
				12BAEF6E2B2261300078F528 /* Assets.xcassets */,
				12BAEF732B2261300078F528 /* Info.plist */,
				12BAEF702B2261300078F528 /* LaunchScreen.storyboard */,
			);
			name = Files;
			sourceTree = "<group>";
		};
		12C333772B238C0600444FF3 /* LogIn */ = {
			isa = PBXGroup;
			children = (
				12BAEF692B2261300078F528 /* LoginViewController.swift */,
				12C333782B239BBC00444FF3 /* LogInView.swift */,
			);
			path = LogIn;
			sourceTree = "<group>";
		};
/* End PBXGroup section */

/* Begin PBXNativeTarget section */
		12BAEF612B2261300078F528 /* Bankey */ = {
			isa = PBXNativeTarget;
			buildConfigurationList = 12BAEF8C2B2261310078F528 /* Build configuration list for PBXNativeTarget "Bankey" */;
			buildPhases = (
				12BAEF5E2B2261300078F528 /* Sources */,
				12BAEF5F2B2261300078F528 /* Frameworks */,
				12BAEF602B2261300078F528 /* Resources */,
			);
			buildRules = (
			);
			dependencies = (
			);
			name = Bankey;
			productName = Bankey;
			productReference = 12BAEF622B2261300078F528 /* Bankey.app */;
			productType = "com.apple.product-type.application";
		};
		12BAEF772B2261310078F528 /* BankeyTests */ = {
			isa = PBXNativeTarget;
			buildConfigurationList = 12BAEF8F2B2261310078F528 /* Build configuration list for PBXNativeTarget "BankeyTests" */;
			buildPhases = (
				12BAEF742B2261310078F528 /* Sources */,
				12BAEF752B2261310078F528 /* Frameworks */,
				12BAEF762B2261310078F528 /* Resources */,
			);
			buildRules = (
			);
			dependencies = (
				12BAEF7A2B2261310078F528 /* PBXTargetDependency */,
			);
			name = BankeyTests;
			productName = BankeyTests;
			productReference = 12BAEF782B2261310078F528 /* BankeyTests.xctest */;
			productType = "com.apple.product-type.bundle.unit-test";
		};
		12BAEF812B2261310078F528 /* BankeyUITests */ = {
			isa = PBXNativeTarget;
			buildConfigurationList = 12BAEF922B2261310078F528 /* Build configuration list for PBXNativeTarget "BankeyUITests" */;
			buildPhases = (
				12BAEF7E2B2261310078F528 /* Sources */,
				12BAEF7F2B2261310078F528 /* Frameworks */,
				12BAEF802B2261310078F528 /* Resources */,
			);
			buildRules = (
			);
			dependencies = (
				12BAEF842B2261310078F528 /* PBXTargetDependency */,
			);
			name = BankeyUITests;
			productName = BankeyUITests;
			productReference = 12BAEF822B2261310078F528 /* BankeyUITests.xctest */;
			productType = "com.apple.product-type.bundle.ui-testing";
		};
/* End PBXNativeTarget section */

/* Begin PBXProject section */
		12BAEF5A2B2261300078F528 /* Project object */ = {
			isa = PBXProject;
			attributes = {
				BuildIndependentTargetsInParallel = 1;
				LastSwiftUpdateCheck = 1500;
				LastUpgradeCheck = 1500;
				TargetAttributes = {
					12BAEF612B2261300078F528 = {
						CreatedOnToolsVersion = 15.0.1;
					};
					12BAEF772B2261310078F528 = {
						CreatedOnToolsVersion = 15.0.1;
						TestTargetID = 12BAEF612B2261300078F528;
					};
					12BAEF812B2261310078F528 = {
						CreatedOnToolsVersion = 15.0.1;
						TestTargetID = 12BAEF612B2261300078F528;
					};
				};
			};
			buildConfigurationList = 12BAEF5D2B2261300078F528 /* Build configuration list for PBXProject "Bankey" */;
			compatibilityVersion = "Xcode 14.0";
			developmentRegion = en;
			hasScannedForEncodings = 0;
			knownRegions = (
				en,
				Base,
			);
			mainGroup = 12BAEF592B2261300078F528;
			productRefGroup = 12BAEF632B2261300078F528 /* Products */;
			projectDirPath = "";
			projectRoot = "";
			targets = (
				12BAEF612B2261300078F528 /* Bankey */,
				12BAEF772B2261310078F528 /* BankeyTests */,
				12BAEF812B2261310078F528 /* BankeyUITests */,
			);
		};
/* End PBXProject section */

/* Begin PBXResourcesBuildPhase section */
		12BAEF602B2261300078F528 /* Resources */ = {
			isa = PBXResourcesBuildPhase;
			buildActionMask = 2147483647;
			files = (
				12BAEF722B2261300078F528 /* LaunchScreen.storyboard in Resources */,
				12BAEF6F2B2261300078F528 /* Assets.xcassets in Resources */,
			);
			runOnlyForDeploymentPostprocessing = 0;
		};
		12BAEF762B2261310078F528 /* Resources */ = {
			isa = PBXResourcesBuildPhase;
			buildActionMask = 2147483647;
			files = (
			);
			runOnlyForDeploymentPostprocessing = 0;
		};
		12BAEF802B2261310078F528 /* Resources */ = {
			isa = PBXResourcesBuildPhase;
			buildActionMask = 2147483647;
			files = (
			);
			runOnlyForDeploymentPostprocessing = 0;
		};
/* End PBXResourcesBuildPhase section */

/* Begin PBXSourcesBuildPhase section */
		12BAEF5E2B2261300078F528 /* Sources */ = {
			isa = PBXSourcesBuildPhase;
			buildActionMask = 2147483647;
			files = (
				12C333792B239BBC00444FF3 /* LogInView.swift in Sources */,
				12BAEF6A2B2261300078F528 /* LoginViewController.swift in Sources */,
				12BAEF662B2261300078F528 /* AppDelegate.swift in Sources */,
				12B842372B32690000E6722E /* OnboardingViewController.swift in Sources */,
			);
			runOnlyForDeploymentPostprocessing = 0;
		};
		12BAEF742B2261310078F528 /* Sources */ = {
			isa = PBXSourcesBuildPhase;
			buildActionMask = 2147483647;
			files = (
				12BAEF7D2B2261310078F528 /* BankeyTests.swift in Sources */,
			);
			runOnlyForDeploymentPostprocessing = 0;
		};
		12BAEF7E2B2261310078F528 /* Sources */ = {
			isa = PBXSourcesBuildPhase;
			buildActionMask = 2147483647;
			files = (
				12BAEF892B2261310078F528 /* BankeyUITestsLaunchTests.swift in Sources */,
				12BAEF872B2261310078F528 /* BankeyUITests.swift in Sources */,
			);
			runOnlyForDeploymentPostprocessing = 0;
		};
/* End PBXSourcesBuildPhase section */

/* Begin PBXTargetDependency section */
		12BAEF7A2B2261310078F528 /* PBXTargetDependency */ = {
			isa = PBXTargetDependency;
			target = 12BAEF612B2261300078F528 /* Bankey */;
			targetProxy = 12BAEF792B2261310078F528 /* PBXContainerItemProxy */;
		};
		12BAEF842B2261310078F528 /* PBXTargetDependency */ = {
			isa = PBXTargetDependency;
			target = 12BAEF612B2261300078F528 /* Bankey */;
			targetProxy = 12BAEF832B2261310078F528 /* PBXContainerItemProxy */;
		};
/* End PBXTargetDependency section */

/* Begin PBXVariantGroup section */
		12BAEF702B2261300078F528 /* LaunchScreen.storyboard */ = {
			isa = PBXVariantGroup;
			children = (
				12BAEF712B2261300078F528 /* Base */,
			);
			name = LaunchScreen.storyboard;
			sourceTree = "<group>";
		};
/* End PBXVariantGroup section */

/* Begin XCBuildConfiguration section */
		12BAEF8A2B2261310078F528 /* Debug */ = {
			isa = XCBuildConfiguration;
			buildSettings = {
				ALWAYS_SEARCH_USER_PATHS = NO;
				ASSETCATALOG_COMPILER_GENERATE_SWIFT_ASSET_SYMBOL_EXTENSIONS = YES;
				CLANG_ANALYZER_NONNULL = YES;
				CLANG_ANALYZER_NUMBER_OBJECT_CONVERSION = YES_AGGRESSIVE;
				CLANG_CXX_LANGUAGE_STANDARD = "gnu++20";
				CLANG_ENABLE_MODULES = YES;
				CLANG_ENABLE_OBJC_ARC = YES;
				CLANG_ENABLE_OBJC_WEAK = YES;
				CLANG_WARN_BLOCK_CAPTURE_AUTORELEASING = YES;
				CLANG_WARN_BOOL_CONVERSION = YES;
				CLANG_WARN_COMMA = YES;
				CLANG_WARN_CONSTANT_CONVERSION = YES;
				CLANG_WARN_DEPRECATED_OBJC_IMPLEMENTATIONS = YES;
				CLANG_WARN_DIRECT_OBJC_ISA_USAGE = YES_ERROR;
				CLANG_WARN_DOCUMENTATION_COMMENTS = YES;
				CLANG_WARN_EMPTY_BODY = YES;
				CLANG_WARN_ENUM_CONVERSION = YES;
				CLANG_WARN_INFINITE_RECURSION = YES;
				CLANG_WARN_INT_CONVERSION = YES;
				CLANG_WARN_NON_LITERAL_NULL_CONVERSION = YES;
				CLANG_WARN_OBJC_IMPLICIT_RETAIN_SELF = YES;
				CLANG_WARN_OBJC_LITERAL_CONVERSION = YES;
				CLANG_WARN_OBJC_ROOT_CLASS = YES_ERROR;
				CLANG_WARN_QUOTED_INCLUDE_IN_FRAMEWORK_HEADER = YES;
				CLANG_WARN_RANGE_LOOP_ANALYSIS = YES;
				CLANG_WARN_STRICT_PROTOTYPES = YES;
				CLANG_WARN_SUSPICIOUS_MOVE = YES;
				CLANG_WARN_UNGUARDED_AVAILABILITY = YES_AGGRESSIVE;
				CLANG_WARN_UNREACHABLE_CODE = YES;
				CLANG_WARN__DUPLICATE_METHOD_MATCH = YES;
				COPY_PHASE_STRIP = NO;
				DEBUG_INFORMATION_FORMAT = dwarf;
				ENABLE_STRICT_OBJC_MSGSEND = YES;
				ENABLE_TESTABILITY = YES;
				ENABLE_USER_SCRIPT_SANDBOXING = YES;
				GCC_C_LANGUAGE_STANDARD = gnu17;
				GCC_DYNAMIC_NO_PIC = NO;
				GCC_NO_COMMON_BLOCKS = YES;
				GCC_OPTIMIZATION_LEVEL = 0;
				GCC_PREPROCESSOR_DEFINITIONS = (
					"DEBUG=1",
					"$(inherited)",
				);
				GCC_WARN_64_TO_32_BIT_CONVERSION = YES;
				GCC_WARN_ABOUT_RETURN_TYPE = YES_ERROR;
				GCC_WARN_UNDECLARED_SELECTOR = YES;
				GCC_WARN_UNINITIALIZED_AUTOS = YES_AGGRESSIVE;
				GCC_WARN_UNUSED_FUNCTION = YES;
				GCC_WARN_UNUSED_VARIABLE = YES;
				IPHONEOS_DEPLOYMENT_TARGET = 17.0;
				LOCALIZATION_PREFERS_STRING_CATALOGS = YES;
				MTL_ENABLE_DEBUG_INFO = INCLUDE_SOURCE;
				MTL_FAST_MATH = YES;
				ONLY_ACTIVE_ARCH = YES;
				SDKROOT = iphoneos;
				SWIFT_ACTIVE_COMPILATION_CONDITIONS = "DEBUG $(inherited)";
				SWIFT_OPTIMIZATION_LEVEL = "-Onone";
			};
			name = Debug;
		};
		12BAEF8B2B2261310078F528 /* Release */ = {
			isa = XCBuildConfiguration;
			buildSettings = {
				ALWAYS_SEARCH_USER_PATHS = NO;
				ASSETCATALOG_COMPILER_GENERATE_SWIFT_ASSET_SYMBOL_EXTENSIONS = YES;
				CLANG_ANALYZER_NONNULL = YES;
				CLANG_ANALYZER_NUMBER_OBJECT_CONVERSION = YES_AGGRESSIVE;
				CLANG_CXX_LANGUAGE_STANDARD = "gnu++20";
				CLANG_ENABLE_MODULES = YES;
				CLANG_ENABLE_OBJC_ARC = YES;
				CLANG_ENABLE_OBJC_WEAK = YES;
				CLANG_WARN_BLOCK_CAPTURE_AUTORELEASING = YES;
				CLANG_WARN_BOOL_CONVERSION = YES;
				CLANG_WARN_COMMA = YES;
				CLANG_WARN_CONSTANT_CONVERSION = YES;
				CLANG_WARN_DEPRECATED_OBJC_IMPLEMENTATIONS = YES;
				CLANG_WARN_DIRECT_OBJC_ISA_USAGE = YES_ERROR;
				CLANG_WARN_DOCUMENTATION_COMMENTS = YES;
				CLANG_WARN_EMPTY_BODY = YES;
				CLANG_WARN_ENUM_CONVERSION = YES;
				CLANG_WARN_INFINITE_RECURSION = YES;
				CLANG_WARN_INT_CONVERSION = YES;
				CLANG_WARN_NON_LITERAL_NULL_CONVERSION = YES;
				CLANG_WARN_OBJC_IMPLICIT_RETAIN_SELF = YES;
				CLANG_WARN_OBJC_LITERAL_CONVERSION = YES;
				CLANG_WARN_OBJC_ROOT_CLASS = YES_ERROR;
				CLANG_WARN_QUOTED_INCLUDE_IN_FRAMEWORK_HEADER = YES;
				CLANG_WARN_RANGE_LOOP_ANALYSIS = YES;
				CLANG_WARN_STRICT_PROTOTYPES = YES;
				CLANG_WARN_SUSPICIOUS_MOVE = YES;
				CLANG_WARN_UNGUARDED_AVAILABILITY = YES_AGGRESSIVE;
				CLANG_WARN_UNREACHABLE_CODE = YES;
				CLANG_WARN__DUPLICATE_METHOD_MATCH = YES;
				COPY_PHASE_STRIP = NO;
				DEBUG_INFORMATION_FORMAT = "dwarf-with-dsym";
				ENABLE_NS_ASSERTIONS = NO;
				ENABLE_STRICT_OBJC_MSGSEND = YES;
				ENABLE_USER_SCRIPT_SANDBOXING = YES;
				GCC_C_LANGUAGE_STANDARD = gnu17;
				GCC_NO_COMMON_BLOCKS = YES;
				GCC_WARN_64_TO_32_BIT_CONVERSION = YES;
				GCC_WARN_ABOUT_RETURN_TYPE = YES_ERROR;
				GCC_WARN_UNDECLARED_SELECTOR = YES;
				GCC_WARN_UNINITIALIZED_AUTOS = YES_AGGRESSIVE;
				GCC_WARN_UNUSED_FUNCTION = YES;
				GCC_WARN_UNUSED_VARIABLE = YES;
				IPHONEOS_DEPLOYMENT_TARGET = 17.0;
				LOCALIZATION_PREFERS_STRING_CATALOGS = YES;
				MTL_ENABLE_DEBUG_INFO = NO;
				MTL_FAST_MATH = YES;
				SDKROOT = iphoneos;
				SWIFT_COMPILATION_MODE = wholemodule;
				VALIDATE_PRODUCT = YES;
			};
			name = Release;
		};
		12BAEF8D2B2261310078F528 /* Debug */ = {
			isa = XCBuildConfiguration;
			buildSettings = {
				ASSETCATALOG_COMPILER_APPICON_NAME = AppIcon;
				ASSETCATALOG_COMPILER_GLOBAL_ACCENT_COLOR_NAME = AccentColor;
				CODE_SIGN_STYLE = Automatic;
				CURRENT_PROJECT_VERSION = 1;
				GENERATE_INFOPLIST_FILE = YES;
				INFOPLIST_FILE = Bankey/Info.plist;
				INFOPLIST_KEY_UIApplicationSupportsIndirectInputEvents = YES;
				INFOPLIST_KEY_UILaunchStoryboardName = LaunchScreen;
				INFOPLIST_KEY_UIMainStoryboardFile = "";
				INFOPLIST_KEY_UISupportedInterfaceOrientations_iPad = "UIInterfaceOrientationPortrait UIInterfaceOrientationPortraitUpsideDown UIInterfaceOrientationLandscapeLeft UIInterfaceOrientationLandscapeRight";
				INFOPLIST_KEY_UISupportedInterfaceOrientations_iPhone = "UIInterfaceOrientationPortrait UIInterfaceOrientationLandscapeLeft UIInterfaceOrientationLandscapeRight";
				LD_RUNPATH_SEARCH_PATHS = (
					"$(inherited)",
					"@executable_path/Frameworks",
				);
				MARKETING_VERSION = 1.0;
				PRODUCT_BUNDLE_IDENTIFIER = kalex.Bankey;
				PRODUCT_NAME = "$(TARGET_NAME)";
				SWIFT_EMIT_LOC_STRINGS = YES;
				SWIFT_VERSION = 5.0;
				TARGETED_DEVICE_FAMILY = "1,2";
			};
			name = Debug;
		};
		12BAEF8E2B2261310078F528 /* Release */ = {
			isa = XCBuildConfiguration;
			buildSettings = {
				ASSETCATALOG_COMPILER_APPICON_NAME = AppIcon;
				ASSETCATALOG_COMPILER_GLOBAL_ACCENT_COLOR_NAME = AccentColor;
				CODE_SIGN_STYLE = Automatic;
				CURRENT_PROJECT_VERSION = 1;
				GENERATE_INFOPLIST_FILE = YES;
				INFOPLIST_FILE = Bankey/Info.plist;
				INFOPLIST_KEY_UIApplicationSupportsIndirectInputEvents = YES;
				INFOPLIST_KEY_UILaunchStoryboardName = LaunchScreen;
				INFOPLIST_KEY_UIMainStoryboardFile = "";
				INFOPLIST_KEY_UISupportedInterfaceOrientations_iPad = "UIInterfaceOrientationPortrait UIInterfaceOrientationPortraitUpsideDown UIInterfaceOrientationLandscapeLeft UIInterfaceOrientationLandscapeRight";
				INFOPLIST_KEY_UISupportedInterfaceOrientations_iPhone = "UIInterfaceOrientationPortrait UIInterfaceOrientationLandscapeLeft UIInterfaceOrientationLandscapeRight";
				LD_RUNPATH_SEARCH_PATHS = (
					"$(inherited)",
					"@executable_path/Frameworks",
				);
				MARKETING_VERSION = 1.0;
				PRODUCT_BUNDLE_IDENTIFIER = kalex.Bankey;
				PRODUCT_NAME = "$(TARGET_NAME)";
				SWIFT_EMIT_LOC_STRINGS = YES;
				SWIFT_VERSION = 5.0;
				TARGETED_DEVICE_FAMILY = "1,2";
			};
			name = Release;
		};
		12BAEF902B2261310078F528 /* Debug */ = {
			isa = XCBuildConfiguration;
			buildSettings = {
				ALWAYS_EMBED_SWIFT_STANDARD_LIBRARIES = YES;
				BUNDLE_LOADER = "$(TEST_HOST)";
				CODE_SIGN_STYLE = Automatic;
				CURRENT_PROJECT_VERSION = 1;
				GENERATE_INFOPLIST_FILE = YES;
				IPHONEOS_DEPLOYMENT_TARGET = 17.0;
				MARKETING_VERSION = 1.0;
				PRODUCT_BUNDLE_IDENTIFIER = kalex.BankeyTests;
				PRODUCT_NAME = "$(TARGET_NAME)";
				SWIFT_EMIT_LOC_STRINGS = NO;
				SWIFT_VERSION = 5.0;
				TARGETED_DEVICE_FAMILY = "1,2";
				TEST_HOST = "$(BUILT_PRODUCTS_DIR)/Bankey.app/$(BUNDLE_EXECUTABLE_FOLDER_PATH)/Bankey";
			};
			name = Debug;
		};
		12BAEF912B2261310078F528 /* Release */ = {
			isa = XCBuildConfiguration;
			buildSettings = {
				ALWAYS_EMBED_SWIFT_STANDARD_LIBRARIES = YES;
				BUNDLE_LOADER = "$(TEST_HOST)";
				CODE_SIGN_STYLE = Automatic;
				CURRENT_PROJECT_VERSION = 1;
				GENERATE_INFOPLIST_FILE = YES;
				IPHONEOS_DEPLOYMENT_TARGET = 17.0;
				MARKETING_VERSION = 1.0;
				PRODUCT_BUNDLE_IDENTIFIER = kalex.BankeyTests;
				PRODUCT_NAME = "$(TARGET_NAME)";
				SWIFT_EMIT_LOC_STRINGS = NO;
				SWIFT_VERSION = 5.0;
				TARGETED_DEVICE_FAMILY = "1,2";
				TEST_HOST = "$(BUILT_PRODUCTS_DIR)/Bankey.app/$(BUNDLE_EXECUTABLE_FOLDER_PATH)/Bankey";
			};
			name = Release;
		};
		12BAEF932B2261310078F528 /* Debug */ = {
			isa = XCBuildConfiguration;
			buildSettings = {
				ALWAYS_EMBED_SWIFT_STANDARD_LIBRARIES = YES;
				CODE_SIGN_STYLE = Automatic;
				CURRENT_PROJECT_VERSION = 1;
				GENERATE_INFOPLIST_FILE = YES;
				MARKETING_VERSION = 1.0;
				PRODUCT_BUNDLE_IDENTIFIER = kalex.BankeyUITests;
				PRODUCT_NAME = "$(TARGET_NAME)";
				SWIFT_EMIT_LOC_STRINGS = NO;
				SWIFT_VERSION = 5.0;
				TARGETED_DEVICE_FAMILY = "1,2";
				TEST_TARGET_NAME = Bankey;
			};
			name = Debug;
		};
		12BAEF942B2261310078F528 /* Release */ = {
			isa = XCBuildConfiguration;
			buildSettings = {
				ALWAYS_EMBED_SWIFT_STANDARD_LIBRARIES = YES;
				CODE_SIGN_STYLE = Automatic;
				CURRENT_PROJECT_VERSION = 1;
				GENERATE_INFOPLIST_FILE = YES;
				MARKETING_VERSION = 1.0;
				PRODUCT_BUNDLE_IDENTIFIER = kalex.BankeyUITests;
				PRODUCT_NAME = "$(TARGET_NAME)";
				SWIFT_EMIT_LOC_STRINGS = NO;
				SWIFT_VERSION = 5.0;
				TARGETED_DEVICE_FAMILY = "1,2";
				TEST_TARGET_NAME = Bankey;
			};
			name = Release;
		};
/* End XCBuildConfiguration section */

/* Begin XCConfigurationList section */
		12BAEF5D2B2261300078F528 /* Build configuration list for PBXProject "Bankey" */ = {
			isa = XCConfigurationList;
			buildConfigurations = (
				12BAEF8A2B2261310078F528 /* Debug */,
				12BAEF8B2B2261310078F528 /* Release */,
			);
			defaultConfigurationIsVisible = 0;
			defaultConfigurationName = Release;
		};
		12BAEF8C2B2261310078F528 /* Build configuration list for PBXNativeTarget "Bankey" */ = {
			isa = XCConfigurationList;
			buildConfigurations = (
				12BAEF8D2B2261310078F528 /* Debug */,
				12BAEF8E2B2261310078F528 /* Release */,
			);
			defaultConfigurationIsVisible = 0;
			defaultConfigurationName = Release;
		};
		12BAEF8F2B2261310078F528 /* Build configuration list for PBXNativeTarget "BankeyTests" */ = {
			isa = XCConfigurationList;
			buildConfigurations = (
				12BAEF902B2261310078F528 /* Debug */,
				12BAEF912B2261310078F528 /* Release */,
			);
			defaultConfigurationIsVisible = 0;
			defaultConfigurationName = Release;
		};
		12BAEF922B2261310078F528 /* Build configuration list for PBXNativeTarget "BankeyUITests" */ = {
			isa = XCConfigurationList;
			buildConfigurations = (
				12BAEF932B2261310078F528 /* Debug */,
				12BAEF942B2261310078F528 /* Release */,
			);
			defaultConfigurationIsVisible = 0;
			defaultConfigurationName = Release;
		};
/* End XCConfigurationList section */
	};
	rootObject = 12BAEF5A2B2261300078F528 /* Project object */;
}
